// !$*UTF8*$!
{
	archiveVersion = 1;
	classes = {
	};
	objectVersion = 56;
	objects = {

/* Begin PBXBuildFile section */
		D7891A4F2B80E35700720D0B /* AppDelegate.swift in Sources */ = {isa = PBXBuildFile; fileRef = D7891A4E2B80E35700720D0B /* AppDelegate.swift */; };
		D7891A512B80E35700720D0B /* SceneDelegate.swift in Sources */ = {isa = PBXBuildFile; fileRef = D7891A502B80E35700720D0B /* SceneDelegate.swift */; };
		D7891A532B80E35700720D0B /* ViewController.swift in Sources */ = {isa = PBXBuildFile; fileRef = D7891A522B80E35700720D0B /* ViewController.swift */; };
		D7891A582B80E35900720D0B /* Assets.xcassets in Resources */ = {isa = PBXBuildFile; fileRef = D7891A572B80E35900720D0B /* Assets.xcassets */; };
		D7891A5B2B80E35900720D0B /* LaunchScreen.storyboard in Resources */ = {isa = PBXBuildFile; fileRef = D7891A592B80E35900720D0B /* LaunchScreen.storyboard */; };
		D7891A672B81154100720D0B /* UIView+Extensions.swift in Sources */ = {isa = PBXBuildFile; fileRef = D7891A662B81154100720D0B /* UIView+Extensions.swift */; };
		D7891A6A2B85DB1200720D0B /* SnapKit in Frameworks */ = {isa = PBXBuildFile; productRef = D7891A692B85DB1200720D0B /* SnapKit */; };
		D7891A6C2B85DB1200720D0B /* SnapKit-Dynamic in Frameworks */ = {isa = PBXBuildFile; productRef = D7891A6B2B85DB1200720D0B /* SnapKit-Dynamic */; };
/* End PBXBuildFile section */

/* Begin PBXFileReference section */
		D7891A4B2B80E35700720D0B /* iOS12-HW11-ErkinbekkyzyAkbermet.app */ = {isa = PBXFileReference; explicitFileType = wrapper.application; includeInIndex = 0; path = "iOS12-HW11-ErkinbekkyzyAkbermet.app"; sourceTree = BUILT_PRODUCTS_DIR; };
		D7891A4E2B80E35700720D0B /* AppDelegate.swift */ = {isa = PBXFileReference; lastKnownFileType = sourcecode.swift; path = AppDelegate.swift; sourceTree = "<group>"; };
		D7891A502B80E35700720D0B /* SceneDelegate.swift */ = {isa = PBXFileReference; lastKnownFileType = sourcecode.swift; path = SceneDelegate.swift; sourceTree = "<group>"; };
		D7891A522B80E35700720D0B /* ViewController.swift */ = {isa = PBXFileReference; lastKnownFileType = sourcecode.swift; path = ViewController.swift; sourceTree = "<group>"; };
		D7891A572B80E35900720D0B /* Assets.xcassets */ = {isa = PBXFileReference; lastKnownFileType = folder.assetcatalog; path = Assets.xcassets; sourceTree = "<group>"; };
		D7891A5A2B80E35900720D0B /* Base */ = {isa = PBXFileReference; lastKnownFileType = file.storyboard; name = Base; path = Base.lproj/LaunchScreen.storyboard; sourceTree = "<group>"; };
		D7891A5C2B80E35900720D0B /* Info.plist */ = {isa = PBXFileReference; lastKnownFileType = text.plist.xml; path = Info.plist; sourceTree = "<group>"; };
		D7891A662B81154100720D0B /* UIView+Extensions.swift */ = {isa = PBXFileReference; lastKnownFileType = sourcecode.swift; path = "UIView+Extensions.swift"; sourceTree = "<group>"; };
/* End PBXFileReference section */

/* Begin PBXFrameworksBuildPhase section */
		D7891A482B80E35700720D0B /* Frameworks */ = {
			isa = PBXFrameworksBuildPhase;
			buildActionMask = 2147483647;
			files = (
				D7891A6A2B85DB1200720D0B /* SnapKit in Frameworks */,
				D7891A6C2B85DB1200720D0B /* SnapKit-Dynamic in Frameworks */,
			);
			runOnlyForDeploymentPostprocessing = 0;
		};
/* End PBXFrameworksBuildPhase section */

/* Begin PBXGroup section */
		D7891A422B80E35700720D0B = {
			isa = PBXGroup;
			children = (
				D7891A4D2B80E35700720D0B /* iOS12-HW11-ErkinbekkyzyAkbermet */,
				D7891A4C2B80E35700720D0B /* Products */,
			);
			sourceTree = "<group>";
		};
		D7891A4C2B80E35700720D0B /* Products */ = {
			isa = PBXGroup;
			children = (
				D7891A4B2B80E35700720D0B /* iOS12-HW11-ErkinbekkyzyAkbermet.app */,
			);
			name = Products;
			sourceTree = "<group>";
		};
		D7891A4D2B80E35700720D0B /* iOS12-HW11-ErkinbekkyzyAkbermet */ = {
			isa = PBXGroup;
			children = (
				D7891A652B8114ED00720D0B /* Extensions */,
				D7891A622B8113E100720D0B /* App */,
				D7891A642B81145500720D0B /* Sources */,
				D7891A632B8113F900720D0B /* Resources */,
			);
			path = "iOS12-HW11-ErkinbekkyzyAkbermet";
			sourceTree = "<group>";
		};
		D7891A622B8113E100720D0B /* App */ = {
			isa = PBXGroup;
			children = (
				D7891A4E2B80E35700720D0B /* AppDelegate.swift */,
				D7891A502B80E35700720D0B /* SceneDelegate.swift */,
			);
			path = App;
			sourceTree = "<group>";
		};
		D7891A632B8113F900720D0B /* Resources */ = {
			isa = PBXGroup;
			children = (
				D7891A572B80E35900720D0B /* Assets.xcassets */,
				D7891A592B80E35900720D0B /* LaunchScreen.storyboard */,
				D7891A5C2B80E35900720D0B /* Info.plist */,
			);
			path = Resources;
			sourceTree = "<group>";
		};
		D7891A642B81145500720D0B /* Sources */ = {
			isa = PBXGroup;
			children = (
				D7891A522B80E35700720D0B /* ViewController.swift */,
			);
			path = Sources;
			sourceTree = "<group>";
		};
		D7891A652B8114ED00720D0B /* Extensions */ = {
			isa = PBXGroup;
			children = (
				D7891A662B81154100720D0B /* UIView+Extensions.swift */,
			);
			path = Extensions;
			sourceTree = "<group>";
		};
/* End PBXGroup section */

/* Begin PBXNativeTarget section */
		D7891A4A2B80E35700720D0B /* iOS12-HW11-ErkinbekkyzyAkbermet */ = {
			isa = PBXNativeTarget;
			buildConfigurationList = D7891A5F2B80E35900720D0B /* Build configuration list for PBXNativeTarget "iOS12-HW11-ErkinbekkyzyAkbermet" */;
			buildPhases = (
				D7891A472B80E35700720D0B /* Sources */,
				D7891A482B80E35700720D0B /* Frameworks */,
				D7891A492B80E35700720D0B /* Resources */,
			);
			buildRules = (
			);
			dependencies = (
			);
			name = "iOS12-HW11-ErkinbekkyzyAkbermet";
			packageProductDependencies = (
				D7891A692B85DB1200720D0B /* SnapKit */,
				D7891A6B2B85DB1200720D0B /* SnapKit-Dynamic */,
			);
			productName = "iOS12-HW11-ErkinbekkyzyAkbermet";
			productReference = D7891A4B2B80E35700720D0B /* iOS12-HW11-ErkinbekkyzyAkbermet.app */;
			productType = "com.apple.product-type.application";
		};
/* End PBXNativeTarget section */

/* Begin PBXProject section */
		D7891A432B80E35700720D0B /* Project object */ = {
			isa = PBXProject;
			attributes = {
				BuildIndependentTargetsInParallel = 1;
				LastSwiftUpdateCheck = 1520;
				LastUpgradeCheck = 1520;
				TargetAttributes = {
					D7891A4A2B80E35700720D0B = {
						CreatedOnToolsVersion = 15.2;
					};
				};
			};
			buildConfigurationList = D7891A462B80E35700720D0B /* Build configuration list for PBXProject "iOS12-HW11-ErkinbekkyzyAkbermet" */;
			compatibilityVersion = "Xcode 14.0";
			developmentRegion = en;
			hasScannedForEncodings = 0;
			knownRegions = (
				en,
				Base,
			);
			mainGroup = D7891A422B80E35700720D0B;
			packageReferences = (
				D7891A682B85DB1200720D0B /* XCRemoteSwiftPackageReference "SnapKit" */,
			);
			productRefGroup = D7891A4C2B80E35700720D0B /* Products */;
			projectDirPath = "";
			projectRoot = "";
			targets = (
				D7891A4A2B80E35700720D0B /* iOS12-HW11-ErkinbekkyzyAkbermet */,
			);
		};
/* End PBXProject section */

/* Begin PBXResourcesBuildPhase section */
		D7891A492B80E35700720D0B /* Resources */ = {
			isa = PBXResourcesBuildPhase;
			buildActionMask = 2147483647;
			files = (
				D7891A5B2B80E35900720D0B /* LaunchScreen.storyboard in Resources */,
				D7891A582B80E35900720D0B /* Assets.xcassets in Resources */,
			);
			runOnlyForDeploymentPostprocessing = 0;
		};
/* End PBXResourcesBuildPhase section */

/* Begin PBXSourcesBuildPhase section */
		D7891A472B80E35700720D0B /* Sources */ = {
			isa = PBXSourcesBuildPhase;
			buildActionMask = 2147483647;
			files = (
				D7891A532B80E35700720D0B /* ViewController.swift in Sources */,
				D7891A4F2B80E35700720D0B /* AppDelegate.swift in Sources */,
				D7891A672B81154100720D0B /* UIView+Extensions.swift in Sources */,
				D7891A512B80E35700720D0B /* SceneDelegate.swift in Sources */,
			);
			runOnlyForDeploymentPostprocessing = 0;
		};
/* End PBXSourcesBuildPhase section */

/* Begin PBXVariantGroup section */
		D7891A592B80E35900720D0B /* LaunchScreen.storyboard */ = {
			isa = PBXVariantGroup;
			children = (
				D7891A5A2B80E35900720D0B /* Base */,
			);
			name = LaunchScreen.storyboard;
			sourceTree = "<group>";
		};
/* End PBXVariantGroup section */

/* Begin XCBuildConfiguration section */
		D7891A5D2B80E35900720D0B /* Debug */ = {
			isa = XCBuildConfiguration;
			buildSettings = {
				ALWAYS_SEARCH_USER_PATHS = NO;
				ASSETCATALOG_COMPILER_GENERATE_SWIFT_ASSET_SYMBOL_EXTENSIONS = YES;
				CLANG_ANALYZER_NONNULL = YES;
				CLANG_ANALYZER_NUMBER_OBJECT_CONVERSION = YES_AGGRESSIVE;
				CLANG_CXX_LANGUAGE_STANDARD = "gnu++20";
				CLANG_ENABLE_MODULES = YES;
				CLANG_ENABLE_OBJC_ARC = YES;
				CLANG_ENABLE_OBJC_WEAK = YES;
				CLANG_WARN_BLOCK_CAPTURE_AUTORELEASING = YES;
				CLANG_WARN_BOOL_CONVERSION = YES;
				CLANG_WARN_COMMA = YES;
				CLANG_WARN_CONSTANT_CONVERSION = YES;
				CLANG_WARN_DEPRECATED_OBJC_IMPLEMENTATIONS = YES;
				CLANG_WARN_DIRECT_OBJC_ISA_USAGE = YES_ERROR;
				CLANG_WARN_DOCUMENTATION_COMMENTS = YES;
				CLANG_WARN_EMPTY_BODY = YES;
				CLANG_WARN_ENUM_CONVERSION = YES;
				CLANG_WARN_INFINITE_RECURSION = YES;
				CLANG_WARN_INT_CONVERSION = YES;
				CLANG_WARN_NON_LITERAL_NULL_CONVERSION = YES;
				CLANG_WARN_OBJC_IMPLICIT_RETAIN_SELF = YES;
				CLANG_WARN_OBJC_LITERAL_CONVERSION = YES;
				CLANG_WARN_OBJC_ROOT_CLASS = YES_ERROR;
				CLANG_WARN_QUOTED_INCLUDE_IN_FRAMEWORK_HEADER = YES;
				CLANG_WARN_RANGE_LOOP_ANALYSIS = YES;
				CLANG_WARN_STRICT_PROTOTYPES = YES;
				CLANG_WARN_SUSPICIOUS_MOVE = YES;
				CLANG_WARN_UNGUARDED_AVAILABILITY = YES_AGGRESSIVE;
				CLANG_WARN_UNREACHABLE_CODE = YES;
				CLANG_WARN__DUPLICATE_METHOD_MATCH = YES;
				COPY_PHASE_STRIP = NO;
				DEBUG_INFORMATION_FORMAT = dwarf;
				ENABLE_STRICT_OBJC_MSGSEND = YES;
				ENABLE_TESTABILITY = YES;
				ENABLE_USER_SCRIPT_SANDBOXING = YES;
				GCC_C_LANGUAGE_STANDARD = gnu17;
				GCC_DYNAMIC_NO_PIC = NO;
				GCC_NO_COMMON_BLOCKS = YES;
				GCC_OPTIMIZATION_LEVEL = 0;
				GCC_PREPROCESSOR_DEFINITIONS = (
					"DEBUG=1",
					"$(inherited)",
				);
				GCC_WARN_64_TO_32_BIT_CONVERSION = YES;
				GCC_WARN_ABOUT_RETURN_TYPE = YES_ERROR;
				GCC_WARN_UNDECLARED_SELECTOR = YES;
				GCC_WARN_UNINITIALIZED_AUTOS = YES_AGGRESSIVE;
				GCC_WARN_UNUSED_FUNCTION = YES;
				GCC_WARN_UNUSED_VARIABLE = YES;
				IPHONEOS_DEPLOYMENT_TARGET = 17.2;
				LOCALIZATION_PREFERS_STRING_CATALOGS = YES;
				MTL_ENABLE_DEBUG_INFO = INCLUDE_SOURCE;
				MTL_FAST_MATH = YES;
				ONLY_ACTIVE_ARCH = YES;
				SDKROOT = iphoneos;
				SWIFT_ACTIVE_COMPILATION_CONDITIONS = "DEBUG $(inherited)";
				SWIFT_OPTIMIZATION_LEVEL = "-Onone";
			};
			name = Debug;
		};
		D7891A5E2B80E35900720D0B /* Release */ = {
			isa = XCBuildConfiguration;
			buildSettings = {
				ALWAYS_SEARCH_USER_PATHS = NO;
				ASSETCATALOG_COMPILER_GENERATE_SWIFT_ASSET_SYMBOL_EXTENSIONS = YES;
				CLANG_ANALYZER_NONNULL = YES;
				CLANG_ANALYZER_NUMBER_OBJECT_CONVERSION = YES_AGGRESSIVE;
				CLANG_CXX_LANGUAGE_STANDARD = "gnu++20";
				CLANG_ENABLE_MODULES = YES;
				CLANG_ENABLE_OBJC_ARC = YES;
				CLANG_ENABLE_OBJC_WEAK = YES;
				CLANG_WARN_BLOCK_CAPTURE_AUTORELEASING = YES;
				CLANG_WARN_BOOL_CONVERSION = YES;
				CLANG_WARN_COMMA = YES;
				CLANG_WARN_CONSTANT_CONVERSION = YES;
				CLANG_WARN_DEPRECATED_OBJC_IMPLEMENTATIONS = YES;
				CLANG_WARN_DIRECT_OBJC_ISA_USAGE = YES_ERROR;
				CLANG_WARN_DOCUMENTATION_COMMENTS = YES;
				CLANG_WARN_EMPTY_BODY = YES;
				CLANG_WARN_ENUM_CONVERSION = YES;
				CLANG_WARN_INFINITE_RECURSION = YES;
				CLANG_WARN_INT_CONVERSION = YES;
				CLANG_WARN_NON_LITERAL_NULL_CONVERSION = YES;
				CLANG_WARN_OBJC_IMPLICIT_RETAIN_SELF = YES;
				CLANG_WARN_OBJC_LITERAL_CONVERSION = YES;
				CLANG_WARN_OBJC_ROOT_CLASS = YES_ERROR;
				CLANG_WARN_QUOTED_INCLUDE_IN_FRAMEWORK_HEADER = YES;
				CLANG_WARN_RANGE_LOOP_ANALYSIS = YES;
				CLANG_WARN_STRICT_PROTOTYPES = YES;
				CLANG_WARN_SUSPICIOUS_MOVE = YES;
				CLANG_WARN_UNGUARDED_AVAILABILITY = YES_AGGRESSIVE;
				CLANG_WARN_UNREACHABLE_CODE = YES;
				CLANG_WARN__DUPLICATE_METHOD_MATCH = YES;
				COPY_PHASE_STRIP = NO;
				DEBUG_INFORMATION_FORMAT = "dwarf-with-dsym";
				ENABLE_NS_ASSERTIONS = NO;
				ENABLE_STRICT_OBJC_MSGSEND = YES;
				ENABLE_USER_SCRIPT_SANDBOXING = YES;
				GCC_C_LANGUAGE_STANDARD = gnu17;
				GCC_NO_COMMON_BLOCKS = YES;
				GCC_WARN_64_TO_32_BIT_CONVERSION = YES;
				GCC_WARN_ABOUT_RETURN_TYPE = YES_ERROR;
				GCC_WARN_UNDECLARED_SELECTOR = YES;
				GCC_WARN_UNINITIALIZED_AUTOS = YES_AGGRESSIVE;
				GCC_WARN_UNUSED_FUNCTION = YES;
				GCC_WARN_UNUSED_VARIABLE = YES;
				IPHONEOS_DEPLOYMENT_TARGET = 17.2;
				LOCALIZATION_PREFERS_STRING_CATALOGS = YES;
				MTL_ENABLE_DEBUG_INFO = NO;
				MTL_FAST_MATH = YES;
				SDKROOT = iphoneos;
				SWIFT_COMPILATION_MODE = wholemodule;
				VALIDATE_PRODUCT = YES;
			};
			name = Release;
		};
		D7891A602B80E35900720D0B /* Debug */ = {
			isa = XCBuildConfiguration;
			buildSettings = {
				ASSETCATALOG_COMPILER_APPICON_NAME = AppIcon;
				ASSETCATALOG_COMPILER_GLOBAL_ACCENT_COLOR_NAME = AccentColor;
				CODE_SIGN_STYLE = Automatic;
				CURRENT_PROJECT_VERSION = 1;
				DEVELOPMENT_TEAM = HDQUFL254V;
				GENERATE_INFOPLIST_FILE = YES;
				INFOPLIST_FILE = "iOS12-HW11-ErkinbekkyzyAkbermet/Resources/Info.plist";
				INFOPLIST_KEY_UIApplicationSupportsIndirectInputEvents = YES;
				INFOPLIST_KEY_UILaunchStoryboardName = LaunchScreen;
				INFOPLIST_KEY_UISupportedInterfaceOrientations_iPad = "UIInterfaceOrientationPortrait UIInterfaceOrientationPortraitUpsideDown UIInterfaceOrientationLandscapeLeft UIInterfaceOrientationLandscapeRight";
				INFOPLIST_KEY_UISupportedInterfaceOrientations_iPhone = "UIInterfaceOrientationPortrait UIInterfaceOrientationLandscapeLeft UIInterfaceOrientationLandscapeRight";
				LD_RUNPATH_SEARCH_PATHS = (
					"$(inherited)",
					"@executable_path/Frameworks",
				);
				MARKETING_VERSION = 1.0;
				PRODUCT_BUNDLE_IDENTIFIER = "com.my.iOS12-HW11-ErkinbekkyzyAkbermet";
				PRODUCT_NAME = "$(TARGET_NAME)";
				SWIFT_EMIT_LOC_STRINGS = YES;
				SWIFT_VERSION = 5.0;
				TARGETED_DEVICE_FAMILY = "1,2";
			};
			name = Debug;
		};
		D7891A612B80E35900720D0B /* Release */ = {
			isa = XCBuildConfiguration;
			buildSettings = {
				ASSETCATALOG_COMPILER_APPICON_NAME = AppIcon;
				ASSETCATALOG_COMPILER_GLOBAL_ACCENT_COLOR_NAME = AccentColor;
				CODE_SIGN_STYLE = Automatic;
				CURRENT_PROJECT_VERSION = 1;
				DEVELOPMENT_TEAM = HDQUFL254V;
				GENERATE_INFOPLIST_FILE = YES;
				INFOPLIST_FILE = "iOS12-HW11-ErkinbekkyzyAkbermet/Resources/Info.plist";
				INFOPLIST_KEY_UIApplicationSupportsIndirectInputEvents = YES;
				INFOPLIST_KEY_UILaunchStoryboardName = LaunchScreen;
				INFOPLIST_KEY_UISupportedInterfaceOrientations_iPad = "UIInterfaceOrientationPortrait UIInterfaceOrientationPortraitUpsideDown UIInterfaceOrientationLandscapeLeft UIInterfaceOrientationLandscapeRight";
				INFOPLIST_KEY_UISupportedInterfaceOrientations_iPhone = "UIInterfaceOrientationPortrait UIInterfaceOrientationLandscapeLeft UIInterfaceOrientationLandscapeRight";
				LD_RUNPATH_SEARCH_PATHS = (
					"$(inherited)",
					"@executable_path/Frameworks",
				);
				MARKETING_VERSION = 1.0;
				PRODUCT_BUNDLE_IDENTIFIER = "com.my.iOS12-HW11-ErkinbekkyzyAkbermet";
				PRODUCT_NAME = "$(TARGET_NAME)";
				SWIFT_EMIT_LOC_STRINGS = YES;
				SWIFT_VERSION = 5.0;
				TARGETED_DEVICE_FAMILY = "1,2";
			};
			name = Release;
		};
/* End XCBuildConfiguration section */

/* Begin XCConfigurationList section */
		D7891A462B80E35700720D0B /* Build configuration list for PBXProject "iOS12-HW11-ErkinbekkyzyAkbermet" */ = {
			isa = XCConfigurationList;
			buildConfigurations = (
				D7891A5D2B80E35900720D0B /* Debug */,
				D7891A5E2B80E35900720D0B /* Release */,
			);
			defaultConfigurationIsVisible = 0;
			defaultConfigurationName = Release;
		};
		D7891A5F2B80E35900720D0B /* Build configuration list for PBXNativeTarget "iOS12-HW11-ErkinbekkyzyAkbermet" */ = {
			isa = XCConfigurationList;
			buildConfigurations = (
				D7891A602B80E35900720D0B /* Debug */,
				D7891A612B80E35900720D0B /* Release */,
			);
			defaultConfigurationIsVisible = 0;
			defaultConfigurationName = Release;
		};
/* End XCConfigurationList section */

/* Begin XCRemoteSwiftPackageReference section */
		D7891A682B85DB1200720D0B /* XCRemoteSwiftPackageReference "SnapKit" */ = {
			isa = XCRemoteSwiftPackageReference;
			repositoryURL = "https://github.com/SnapKit/SnapKit.git";
			requirement = {
				kind = upToNextMajorVersion;
				minimumVersion = 5.7.1;
			};
		};
/* End XCRemoteSwiftPackageReference section */

/* Begin XCSwiftPackageProductDependency section */
		D7891A692B85DB1200720D0B /* SnapKit */ = {
			isa = XCSwiftPackageProductDependency;
			package = D7891A682B85DB1200720D0B /* XCRemoteSwiftPackageReference "SnapKit" */;
			productName = SnapKit;
		};
		D7891A6B2B85DB1200720D0B /* SnapKit-Dynamic */ = {
			isa = XCSwiftPackageProductDependency;
			package = D7891A682B85DB1200720D0B /* XCRemoteSwiftPackageReference "SnapKit" */;
			productName = "SnapKit-Dynamic";
		};
/* End XCSwiftPackageProductDependency section */
	};
	rootObject = D7891A432B80E35700720D0B /* Project object */;
}
